{
  "name": "Commerce_Bank_Back_End_",
  "lockfileVersion": 2,
  "requires": true,
  "packages": {
    "": {
      "dependencies": {
        "node-lombok": "^1.1.1"
      }
    },
    "node_modules/node-lombok": {
      "version": "1.1.1",
      "resolved": "https://registry.npmjs.org/node-lombok/-/node-lombok-1.1.1.tgz",
      "integrity": "sha512-o45odiujX01RG+59aTwbgn0hL4OptEEbJrY1UnpOGtBYeqJt0n3pvaJeBXIjCbuVOcyM7ghWARbSepTV3gC09g=="
    }
  },
  "dependencies": {
    "node-lombok": {
      "version": "1.1.1",
      "resolved": "https://registry.npmjs.org/node-lombok/-/node-lombok-1.1.1.tgz",
      "integrity": "sha512-o45odiujX01RG+59aTwbgn0hL4OptEEbJrY1UnpOGtBYeqJt0n3pvaJeBXIjCbuVOcyM7ghWARbSepTV3gC09g=="
    }
  }
}
